
Microsoft Visual Studio Solution File, Format Version 12.00
# Visual Studio Version 17
VisualStudioVersion = 17.7.34031.279
MinimumVisualStudioVersion = 10.0.40219.1
Project("{FAE04EC0-301F-11D3-BF4B-00C04F79EFBC}") = "mvalencia_S6_T1", "mvalencia_S6_T1\mvalencia_S6_T1.csproj", "{B6C5D0BB-F9A9-4168-84A7-2575F6A55BD3}"
EndProject
Global
	GlobalSection(SolutionConfigurationPlatforms) = preSolution
		Debug|Any CPU = Debug|Any CPU
		Release|Any CPU = Release|Any CPU
	EndGlobalSection
	GlobalSection(ProjectConfigurationPlatforms) = postSolution
		{B6C5D0BB-F9A9-4168-84A7-2575F6A55BD3}.Debug|Any CPU.ActiveCfg = Debug|Any CPU
		{B6C5D0BB-F9A9-4168-84A7-2575F6A55BD3}.Debug|Any CPU.Build.0 = Debug|Any CPU
		{B6C5D0BB-F9A9-4168-84A7-2575F6A55BD3}.Debug|Any CPU.Deploy.0 = Debug|Any CPU
		{B6C5D0BB-F9A9-4168-84A7-2575F6A55BD3}.Release|Any CPU.ActiveCfg = Release|Any CPU
		{B6C5D0BB-F9A9-4168-84A7-2575F6A55BD3}.Release|Any CPU.Build.0 = Release|Any CPU
		{B6C5D0BB-F9A9-4168-84A7-2575F6A55BD3}.Release|Any CPU.Deploy.0 = Release|Any CPU
	EndGlobalSection
	GlobalSection(SolutionProperties) = preSolution
		HideSolutionNode = FALSE
	EndGlobalSection
	GlobalSection(ExtensibilityGlobals) = postSolution
		SolutionGuid = {00A6068D-3A67-45A2-AC82-FC629BE9CFF0}
	EndGlobalSection
EndGlobal
